{
	"name": "codewiki",
	"version": "0.1.2",
	"lockfileVersion": 3,
	"requires": true,
	"packages": {
		"": {
			"name": "codewiki",
			"version": "0.1.2",
			"license": "MIT",
			"dependencies": {
				"js-yaml": "^4.1.1"
			},
			"devDependencies": {
				"@types/node": "*",
				"typescript": "^5.9.3"
			},
			"engines": {
				"node": ">=20.6.0"
			}
		},
		"node_modules/@types/node": {
			"version": "25.6.0",
			"dev": true,
			"license": "MIT",
			"dependencies": {
				"undici-types": "~7.19.0"
			}
		},
		"node_modules/argparse": {
			"version": "2.0.1",
			"license": "Python-2.0"
		},
		"node_modules/js-yaml": {
			"version": "4.1.1",
			"license": "MIT",
			"dependencies": {
				"argparse": "^2.0.1"
			},
			"bin": {
				"js-yaml": "bin/js-yaml.js"
			}
		},
		"node_modules/typescript": {
			"version": "5.9.3",
			"dev": true,
			"license": "Apache-2.0",
			"bin": {
				"tsc": "bin/tsc",
				"tsserver": "bin/tsserver"
			},
			"engines": {
				"node": ">=14.17"
			}
		},
		"node_modules/undici-types": {
			"version": "7.19.2",
			"dev": true,
			"license": "MIT"
		}
	}
}
